
Microsoft Visual Studio Solution File, Format Version 12.00
# Visual Studio Version 17
VisualStudioVersion = 17.4.33205.214
MinimumVisualStudioVersion = 10.0.40219.1
Project("{FAE04EC0-301F-11D3-BF4B-00C04F79EFBC}") = "Conventor", "Conventor.csproj", "{A57D3BD3-C323-47ED-8D48-CD3BF3E0A657}"
EndProject
Global
	GlobalSection(SolutionConfigurationPlatforms) = preSolution
		Debug|Any CPU = Debug|Any CPU
		Release|Any CPU = Release|Any CPU
	EndGlobalSection
	GlobalSection(ProjectConfigurationPlatforms) = postSolution
		{A57D3BD3-C323-47ED-8D48-CD3BF3E0A657}.Debug|Any CPU.ActiveCfg = Debug|Any CPU
		{A57D3BD3-C323-47ED-8D48-CD3BF3E0A657}.Debug|Any CPU.Build.0 = Debug|Any CPU
		{A57D3BD3-C323-47ED-8D48-CD3BF3E0A657}.Release|Any CPU.ActiveCfg = Release|Any CPU
		{A57D3BD3-C323-47ED-8D48-CD3BF3E0A657}.Release|Any CPU.Build.0 = Release|Any CPU
	EndGlobalSection
	GlobalSection(SolutionProperties) = preSolution
		HideSolutionNode = FALSE
	EndGlobalSection
	GlobalSection(ExtensibilityGlobals) = postSolution
		SolutionGuid = {82A8AE5C-9A12-4871-AFC2-7EDEFAAAB852}
	EndGlobalSection
EndGlobal
